<?xml version="1.0" encoding="utf-8"?>
<Project ToolsVersion="4.0" xmlns="http://schemas.microsoft.com/developer/msbuild/2003">
  <ItemGroup>
    <Filter Include="Physics">
      <UniqueIdentifier>{6cb58a1b-7723-427c-8a67-82df326c48da}</UniqueIdentifier>
    </Filter>
  </ItemGroup>
  <ItemGroup>
    <ClInclude Include="include\BulletPhysics\Physics\bullet\btBulletCollisionCommon.h" />
    <ClInclude Include="include\BulletPhysics\Physics\bullet\btBulletDynamicsCommon.h" />
    <ClInclude Include="include\BulletPhysics\Physics\bullet\cBulletPhysicsFactory.h" />
    <ClInclude Include="include\BulletPhysics\Physics\bullet\cBulletPhysicsWorld.h" />
    <ClInclude Include="include\BulletPhysics\Physics\bullet\nConvert.h" />
    <ClInclude Include="include\BulletPhysics\Physics\bullet\nCreateBulletFactory.h" />
    <ClInclude Include="include\BulletPhysics\Physics\bullet\Bullet3Common\b3AlignedAllocator.h" />
    <ClInclude Include="include\BulletPhysics\Physics\bullet\Bullet3Common\b3AlignedObjectArray.h" />
    <ClInclude Include="include\BulletPhysics\Physics\bullet\Bullet3Common\b3CommandLineArgs.h" />
    <ClInclude Include="include\BulletPhysics\Physics\bullet\Bullet3Common\b3FileUtils.h" />
    <ClInclude Include="include\BulletPhysics\Physics\bullet\Bullet3Common\b3HashMap.h" />
    <ClInclude Include="include\BulletPhysics\Physics\bullet\Bullet3Common\b3Logging.h" />
    <ClInclude Include="include\BulletPhysics\Physics\bullet\Bullet3Common\b3Matrix3x3.h" />
    <ClInclude Include="include\BulletPhysics\Physics\bullet\Bullet3Common\b3MinMax.h" />
    <ClInclude Include="include\BulletPhysics\Physics\bullet\Bullet3Common\b3PoolAllocator.h" />
    <ClInclude Include="include\BulletPhysics\Physics\bullet\Bullet3Common\b3QuadWord.h" />
    <ClInclude Include="include\BulletPhysics\Physics\bullet\Bullet3Common\b3Quaternion.h" />
    <ClInclude Include="include\BulletPhysics\Physics\bullet\Bullet3Common\b3Random.h" />
    <ClInclude Include="include\BulletPhysics\Physics\bullet\Bullet3Common\b3ResizablePool.h" />
    <ClInclude Include="include\BulletPhysics\Physics\bullet\Bullet3Common\b3Scalar.h" />
    <ClInclude Include="include\BulletPhysics\Physics\bullet\Bullet3Common\b3StackAlloc.h" />
    <ClInclude Include="include\BulletPhysics\Physics\bullet\Bullet3Common\b3Transform.h" />
    <ClInclude Include="include\BulletPhysics\Physics\bullet\Bullet3Common\b3TransformUtil.h" />
    <ClInclude Include="include\BulletPhysics\Physics\bullet\Bullet3Common\b3Vector3.h" />
    <ClInclude Include="include\BulletPhysics\Physics\bullet\Bullet3Common\shared\b3Float4.h" />
    <ClInclude Include="include\BulletPhysics\Physics\bullet\Bullet3Common\shared\b3Int2.h" />
    <ClInclude Include="include\BulletPhysics\Physics\bullet\Bullet3Common\shared\b3Int4.h" />
    <ClInclude Include="include\BulletPhysics\Physics\bullet\Bullet3Common\shared\b3Mat3x3.h" />
    <ClInclude Include="include\BulletPhysics\Physics\bullet\Bullet3Common\shared\b3PlatformDefinitions.h" />
    <ClInclude Include="include\BulletPhysics\Physics\bullet\Bullet3Common\shared\b3Quat.h" />
    <ClInclude Include="include\BulletPhysics\Physics\bullet\BulletCollision\BroadphaseCollision\btAxisSweep3.h" />
    <ClInclude Include="include\BulletPhysics\Physics\bullet\BulletCollision\BroadphaseCollision\btAxisSweep3Internal.h" />
    <ClInclude Include="include\BulletPhysics\Physics\bullet\BulletCollision\BroadphaseCollision\btBroadphaseInterface.h" />
    <ClInclude Include="include\BulletPhysics\Physics\bullet\BulletCollision\BroadphaseCollision\btBroadphaseProxy.h" />
    <ClInclude Include="include\BulletPhysics\Physics\bullet\BulletCollision\BroadphaseCollision\btCollisionAlgorithm.h" />
    <ClInclude Include="include\BulletPhysics\Physics\bullet\BulletCollision\BroadphaseCollision\btDbvt.h" />
    <ClInclude Include="include\BulletPhysics\Physics\bullet\BulletCollision\BroadphaseCollision\btDbvtBroadphase.h" />
    <ClInclude Include="include\BulletPhysics\Physics\bullet\BulletCollision\BroadphaseCollision\btDispatcher.h" />
    <ClInclude Include="include\BulletPhysics\Physics\bullet\BulletCollision\BroadphaseCollision\btOverlappingPairCache.h" />
    <ClInclude Include="include\BulletPhysics\Physics\bullet\BulletCollision\BroadphaseCollision\btOverlappingPairCallback.h" />
    <ClInclude Include="include\BulletPhysics\Physics\bullet\BulletCollision\BroadphaseCollision\btQuantizedBvh.h" />
    <ClInclude Include="include\BulletPhysics\Physics\bullet\BulletCollision\BroadphaseCollision\btSimpleBroadphase.h" />
    <ClInclude Include="include\BulletPhysics\Physics\bullet\BulletCollision\CollisionDispatch\btActivatingCollisionAlgorithm.h" />
    <ClInclude Include="include\BulletPhysics\Physics\bullet\BulletCollision\CollisionDispatch\btBox2dBox2dCollisionAlgorithm.h" />
    <ClInclude Include="include\BulletPhysics\Physics\bullet\BulletCollision\CollisionDispatch\btBoxBoxCollisionAlgorithm.h" />
    <ClInclude Include="include\BulletPhysics\Physics\bullet\BulletCollision\CollisionDispatch\btBoxBoxDetector.h" />
    <ClInclude Include="include\BulletPhysics\Physics\bullet\BulletCollision\CollisionDispatch\btCollisionConfiguration.h" />
    <ClInclude Include="include\BulletPhysics\Physics\bullet\BulletCollision\CollisionDispatch\btCollisionCreateFunc.h" />
    <ClInclude Include="include\BulletPhysics\Physics\bullet\BulletCollision\CollisionDispatch\btCollisionDispatcher.h" />
    <ClInclude Include="include\BulletPhysics\Physics\bullet\BulletCollision\CollisionDispatch\btCollisionDispatcherMt.h" />
    <ClInclude Include="include\BulletPhysics\Physics\bullet\BulletCollision\CollisionDispatch\btCollisionObject.h" />
    <ClInclude Include="include\BulletPhysics\Physics\bullet\BulletCollision\CollisionDispatch\btCollisionObjectWrapper.h" />
    <ClInclude Include="include\BulletPhysics\Physics\bullet\BulletCollision\CollisionDispatch\btCollisionWorld.h" />
    <ClInclude Include="include\BulletPhysics\Physics\bullet\BulletCollision\CollisionDispatch\btCollisionWorldImporter.h" />
    <ClInclude Include="include\BulletPhysics\Physics\bullet\BulletCollision\CollisionDispatch\btCompoundCollisionAlgorithm.h" />
    <ClInclude Include="include\BulletPhysics\Physics\bullet\BulletCollision\CollisionDispatch\btCompoundCompoundCollisionAlgorithm.h" />
    <ClInclude Include="include\BulletPhysics\Physics\bullet\BulletCollision\CollisionDispatch\btConvex2dConvex2dAlgorithm.h" />
    <ClInclude Include="include\BulletPhysics\Physics\bullet\BulletCollision\CollisionDispatch\btConvexConcaveCollisionAlgorithm.h" />
    <ClInclude Include="include\BulletPhysics\Physics\bullet\BulletCollision\CollisionDispatch\btConvexConvexAlgorithm.h" />
    <ClInclude Include="include\BulletPhysics\Physics\bullet\BulletCollision\CollisionDispatch\btConvexPlaneCollisionAlgorithm.h" />
    <ClInclude Include="include\BulletPhysics\Physics\bullet\BulletCollision\CollisionDispatch\btDefaultCollisionConfiguration.h" />
    <ClInclude Include="include\BulletPhysics\Physics\bullet\BulletCollision\CollisionDispatch\btEmptyCollisionAlgorithm.h" />
    <ClInclude Include="include\BulletPhysics\Physics\bullet\BulletCollision\CollisionDispatch\btGhostObject.h" />
    <ClInclude Include="include\BulletPhysics\Physics\bullet\BulletCollision\CollisionDispatch\btHashedSimplePairCache.h" />
    <ClInclude Include="include\BulletPhysics\Physics\bullet\BulletCollision\CollisionDispatch\btInternalEdgeUtility.h" />
    <ClInclude Include="include\BulletPhysics\Physics\bullet\BulletCollision\CollisionDispatch\btManifoldResult.h" />
    <ClInclude Include="include\BulletPhysics\Physics\bullet\BulletCollision\CollisionDispatch\btSimulationIslandManager.h" />
    <ClInclude Include="include\BulletPhysics\Physics\bullet\BulletCollision\CollisionDispatch\btSphereBoxCollisionAlgorithm.h" />
    <ClInclude Include="include\BulletPhysics\Physics\bullet\BulletCollision\CollisionDispatch\btSphereSphereCollisionAlgorithm.h" />
    <ClInclude Include="include\BulletPhysics\Physics\bullet\BulletCollision\CollisionDispatch\btSphereTriangleCollisionAlgorithm.h" />
    <ClInclude Include="include\BulletPhysics\Physics\bullet\BulletCollision\CollisionDispatch\btUnionFind.h" />
    <ClInclude Include="include\BulletPhysics\Physics\bullet\BulletCollision\CollisionDispatch\SphereTriangleDetector.h" />
    <ClInclude Include="include\BulletPhysics\Physics\bullet\BulletCollision\CollisionShapes\btBox2dShape.h" />
    <ClInclude Include="include\BulletPhysics\Physics\bullet\BulletCollision\CollisionShapes\btBoxShape.h" />
    <ClInclude Include="include\BulletPhysics\Physics\bullet\BulletCollision\CollisionShapes\btBvhTriangleMeshShape.h" />
    <ClInclude Include="include\BulletPhysics\Physics\bullet\BulletCollision\CollisionShapes\btCapsuleShape.h" />
    <ClInclude Include="include\BulletPhysics\Physics\bullet\BulletCollision\CollisionShapes\btCollisionMargin.h" />
    <ClInclude Include="include\BulletPhysics\Physics\bullet\BulletCollision\CollisionShapes\btCollisionShape.h" />
    <ClInclude Include="include\BulletPhysics\Physics\bullet\BulletCollision\CollisionShapes\btCompoundShape.h" />
    <ClInclude Include="include\BulletPhysics\Physics\bullet\BulletCollision\CollisionShapes\btConcaveShape.h" />
    <ClInclude Include="include\BulletPhysics\Physics\bullet\BulletCollision\CollisionShapes\btConeShape.h" />
    <ClInclude Include="include\BulletPhysics\Physics\bullet\BulletCollision\CollisionShapes\btConvex2dShape.h" />
    <ClInclude Include="include\BulletPhysics\Physics\bullet\BulletCollision\CollisionShapes\btConvexHullShape.h" />
    <ClInclude Include="include\BulletPhysics\Physics\bullet\BulletCollision\CollisionShapes\btConvexInternalShape.h" />
    <ClInclude Include="include\BulletPhysics\Physics\bullet\BulletCollision\CollisionShapes\btConvexPointCloudShape.h" />
    <ClInclude Include="include\BulletPhysics\Physics\bullet\BulletCollision\CollisionShapes\btConvexPolyhedron.h" />
    <ClInclude Include="include\BulletPhysics\Physics\bullet\BulletCollision\CollisionShapes\btConvexShape.h" />
    <ClInclude Include="include\BulletPhysics\Physics\bullet\BulletCollision\CollisionShapes\btConvexTriangleMeshShape.h" />
    <ClInclude Include="include\BulletPhysics\Physics\bullet\BulletCollision\CollisionShapes\btCylinderShape.h" />
    <ClInclude Include="include\BulletPhysics\Physics\bullet\BulletCollision\CollisionShapes\btEmptyShape.h" />
    <ClInclude Include="include\BulletPhysics\Physics\bullet\BulletCollision\CollisionShapes\btHeightfieldTerrainShape.h" />
    <ClInclude Include="include\BulletPhysics\Physics\bullet\BulletCollision\CollisionShapes\btMaterial.h" />
    <ClInclude Include="include\BulletPhysics\Physics\bullet\BulletCollision\CollisionShapes\btMiniSDF.h" />
    <ClInclude Include="include\BulletPhysics\Physics\bullet\BulletCollision\CollisionShapes\btMinkowskiSumShape.h" />
    <ClInclude Include="include\BulletPhysics\Physics\bullet\BulletCollision\CollisionShapes\btMultimaterialTriangleMeshShape.h" />
    <ClInclude Include="include\BulletPhysics\Physics\bullet\BulletCollision\CollisionShapes\btMultiSphereShape.h" />
    <ClInclude Include="include\BulletPhysics\Physics\bullet\BulletCollision\CollisionShapes\btOptimizedBvh.h" />
    <ClInclude Include="include\BulletPhysics\Physics\bullet\BulletCollision\CollisionShapes\btPolyhedralConvexShape.h" />
    <ClInclude Include="include\BulletPhysics\Physics\bullet\BulletCollision\CollisionShapes\btScaledBvhTriangleMeshShape.h" />
    <ClInclude Include="include\BulletPhysics\Physics\bullet\BulletCollision\CollisionShapes\btSdfCollisionShape.h" />
    <ClInclude Include="include\BulletPhysics\Physics\bullet\BulletCollision\CollisionShapes\btShapeHull.h" />
    <ClInclude Include="include\BulletPhysics\Physics\bullet\BulletCollision\CollisionShapes\btSphereShape.h" />
    <ClInclude Include="include\BulletPhysics\Physics\bullet\BulletCollision\CollisionShapes\btStaticPlaneShape.h" />
    <ClInclude Include="include\BulletPhysics\Physics\bullet\BulletCollision\CollisionShapes\btStridingMeshInterface.h" />
    <ClInclude Include="include\BulletPhysics\Physics\bullet\BulletCollision\CollisionShapes\btTetrahedronShape.h" />
    <ClInclude Include="include\BulletPhysics\Physics\bullet\BulletCollision\CollisionShapes\btTriangleBuffer.h" />
    <ClInclude Include="include\BulletPhysics\Physics\bullet\BulletCollision\CollisionShapes\btTriangleCallback.h" />
    <ClInclude Include="include\BulletPhysics\Physics\bullet\BulletCollision\CollisionShapes\btTriangleIndexVertexArray.h" />
    <ClInclude Include="include\BulletPhysics\Physics\bullet\BulletCollision\CollisionShapes\btTriangleIndexVertexMaterialArray.h" />
    <ClInclude Include="include\BulletPhysics\Physics\bullet\BulletCollision\CollisionShapes\btTriangleInfoMap.h" />
    <ClInclude Include="include\BulletPhysics\Physics\bullet\BulletCollision\CollisionShapes\btTriangleMesh.h" />
    <ClInclude Include="include\BulletPhysics\Physics\bullet\BulletCollision\CollisionShapes\btTriangleMeshShape.h" />
    <ClInclude Include="include\BulletPhysics\Physics\bullet\BulletCollision\CollisionShapes\btTriangleShape.h" />
    <ClInclude Include="include\BulletPhysics\Physics\bullet\BulletCollision\CollisionShapes\btUniformScalingShape.h" />
    <ClInclude Include="include\BulletPhysics\Physics\bullet\BulletCollision\Gimpact\btBoxCollision.h" />
    <ClInclude Include="include\BulletPhysics\Physics\bullet\BulletCollision\Gimpact\btClipPolygon.h" />
    <ClInclude Include="include\BulletPhysics\Physics\bullet\BulletCollision\Gimpact\btCompoundFromGimpact.h" />
    <ClInclude Include="include\BulletPhysics\Physics\bullet\BulletCollision\Gimpact\btContactProcessing.h" />
    <ClInclude Include="include\BulletPhysics\Physics\bullet\BulletCollision\Gimpact\btContactProcessingStructs.h" />
    <ClInclude Include="include\BulletPhysics\Physics\bullet\BulletCollision\Gimpact\btGenericPoolAllocator.h" />
    <ClInclude Include="include\BulletPhysics\Physics\bullet\BulletCollision\Gimpact\btGeometryOperations.h" />
    <ClInclude Include="include\BulletPhysics\Physics\bullet\BulletCollision\Gimpact\btGImpactBvh.h" />
    <ClInclude Include="include\BulletPhysics\Physics\bullet\BulletCollision\Gimpact\btGImpactBvhStructs.h" />
    <ClInclude Include="include\BulletPhysics\Physics\bullet\BulletCollision\Gimpact\btGImpactCollisionAlgorithm.h" />
    <ClInclude Include="include\BulletPhysics\Physics\bullet\BulletCollision\Gimpact\btGImpactMassUtil.h" />
    <ClInclude Include="include\BulletPhysics\Physics\bullet\BulletCollision\Gimpact\btGImpactQuantizedBvh.h" />
    <ClInclude Include="include\BulletPhysics\Physics\bullet\BulletCollision\Gimpact\btGImpactQuantizedBvhStructs.h" />
    <ClInclude Include="include\BulletPhysics\Physics\bullet\BulletCollision\Gimpact\btGImpactShape.h" />
    <ClInclude Include="include\BulletPhysics\Physics\bullet\BulletCollision\Gimpact\btQuantization.h" />
    <ClInclude Include="include\BulletPhysics\Physics\bullet\BulletCollision\Gimpact\btTriangleShapeEx.h" />
    <ClInclude Include="include\BulletPhysics\Physics\bullet\BulletCollision\Gimpact\gim_array.h" />
    <ClInclude Include="include\BulletPhysics\Physics\bullet\BulletCollision\Gimpact\gim_basic_geometry_operations.h" />
    <ClInclude Include="include\BulletPhysics\Physics\bullet\BulletCollision\Gimpact\gim_bitset.h" />
    <ClInclude Include="include\BulletPhysics\Physics\bullet\BulletCollision\Gimpact\gim_box_collision.h" />
    <ClInclude Include="include\BulletPhysics\Physics\bullet\BulletCollision\Gimpact\gim_box_set.h" />
    <ClInclude Include="include\BulletPhysics\Physics\bullet\BulletCollision\Gimpact\gim_clip_polygon.h" />
    <ClInclude Include="include\BulletPhysics\Physics\bullet\BulletCollision\Gimpact\gim_contact.h" />
    <ClInclude Include="include\BulletPhysics\Physics\bullet\BulletCollision\Gimpact\gim_geom_types.h" />
    <ClInclude Include="include\BulletPhysics\Physics\bullet\BulletCollision\Gimpact\gim_geometry.h" />
    <ClInclude Include="include\BulletPhysics\Physics\bullet\BulletCollision\Gimpact\gim_hash_table.h" />
    <ClInclude Include="include\BulletPhysics\Physics\bullet\BulletCollision\Gimpact\gim_linear_math.h" />
    <ClInclude Include="include\BulletPhysics\Physics\bullet\BulletCollision\Gimpact\gim_math.h" />
    <ClInclude Include="include\BulletPhysics\Physics\bullet\BulletCollision\Gimpact\gim_memory.h" />
    <ClInclude Include="include\BulletPhysics\Physics\bullet\BulletCollision\Gimpact\gim_pair.h" />
    <ClInclude Include="include\BulletPhysics\Physics\bullet\BulletCollision\Gimpact\gim_radixsort.h" />
    <ClInclude Include="include\BulletPhysics\Physics\bullet\BulletCollision\Gimpact\gim_tri_collision.h" />
    <ClInclude Include="include\BulletPhysics\Physics\bullet\BulletCollision\NarrowPhaseCollision\btComputeGjkEpaPenetration.h" />
    <ClInclude Include="include\BulletPhysics\Physics\bullet\BulletCollision\NarrowPhaseCollision\btContinuousConvexCollision.h" />
    <ClInclude Include="include\BulletPhysics\Physics\bullet\BulletCollision\NarrowPhaseCollision\btConvexCast.h" />
    <ClInclude Include="include\BulletPhysics\Physics\bullet\BulletCollision\NarrowPhaseCollision\btConvexPenetrationDepthSolver.h" />
    <ClInclude Include="include\BulletPhysics\Physics\bullet\BulletCollision\NarrowPhaseCollision\btDiscreteCollisionDetectorInterface.h" />
    <ClInclude Include="include\BulletPhysics\Physics\bullet\BulletCollision\NarrowPhaseCollision\btGjkCollisionDescription.h" />
    <ClInclude Include="include\BulletPhysics\Physics\bullet\BulletCollision\NarrowPhaseCollision\btGjkConvexCast.h" />
    <ClInclude Include="include\BulletPhysics\Physics\bullet\BulletCollision\NarrowPhaseCollision\btGjkEpa2.h" />
    <ClInclude Include="include\BulletPhysics\Physics\bullet\BulletCollision\NarrowPhaseCollision\btGjkEpa3.h" />
    <ClInclude Include="include\BulletPhysics\Physics\bullet\BulletCollision\NarrowPhaseCollision\btGjkEpaPenetrationDepthSolver.h" />
    <ClInclude Include="include\BulletPhysics\Physics\bullet\BulletCollision\NarrowPhaseCollision\btGjkPairDetector.h" />
    <ClInclude Include="include\BulletPhysics\Physics\bullet\BulletCollision\NarrowPhaseCollision\btManifoldPoint.h" />
    <ClInclude Include="include\BulletPhysics\Physics\bullet\BulletCollision\NarrowPhaseCollision\btMinkowskiPenetrationDepthSolver.h" />
    <ClInclude Include="include\BulletPhysics\Physics\bullet\BulletCollision\NarrowPhaseCollision\btMprPenetration.h" />
    <ClInclude Include="include\BulletPhysics\Physics\bullet\BulletCollision\NarrowPhaseCollision\btPersistentManifold.h" />
    <ClInclude Include="include\BulletPhysics\Physics\bullet\BulletCollision\NarrowPhaseCollision\btPointCollector.h" />
    <ClInclude Include="include\BulletPhysics\Physics\bullet\BulletCollision\NarrowPhaseCollision\btPolyhedralContactClipping.h" />
    <ClInclude Include="include\BulletPhysics\Physics\bullet\BulletCollision\NarrowPhaseCollision\btRaycastCallback.h" />
    <ClInclude Include="include\BulletPhysics\Physics\bullet\BulletCollision\NarrowPhaseCollision\btSimplexSolverInterface.h" />
    <ClInclude Include="include\BulletPhysics\Physics\bullet\BulletCollision\NarrowPhaseCollision\btSubSimplexConvexCast.h" />
    <ClInclude Include="include\BulletPhysics\Physics\bullet\BulletCollision\NarrowPhaseCollision\btVoronoiSimplexSolver.h" />
    <ClInclude Include="include\BulletPhysics\Physics\bullet\BulletDynamics\Character\btCharacterControllerInterface.h" />
    <ClInclude Include="include\BulletPhysics\Physics\bullet\BulletDynamics\Character\btKinematicCharacterController.h" />
    <ClInclude Include="include\BulletPhysics\Physics\bullet\BulletDynamics\ConstraintSolver\btBatchedConstraints.h" />
    <ClInclude Include="include\BulletPhysics\Physics\bullet\BulletDynamics\ConstraintSolver\btConeTwistConstraint.h" />
    <ClInclude Include="include\BulletPhysics\Physics\bullet\BulletDynamics\ConstraintSolver\btConstraintSolver.h" />
    <ClInclude Include="include\BulletPhysics\Physics\bullet\BulletDynamics\ConstraintSolver\btContactConstraint.h" />
    <ClInclude Include="include\BulletPhysics\Physics\bullet\BulletDynamics\ConstraintSolver\btContactSolverInfo.h" />
    <ClInclude Include="include\BulletPhysics\Physics\bullet\BulletDynamics\ConstraintSolver\btFixedConstraint.h" />
    <ClInclude Include="include\BulletPhysics\Physics\bullet\BulletDynamics\ConstraintSolver\btGearConstraint.h" />
    <ClInclude Include="include\BulletPhysics\Physics\bullet\BulletDynamics\ConstraintSolver\btGeneric6DofConstraint.h" />
    <ClInclude Include="include\BulletPhysics\Physics\bullet\BulletDynamics\ConstraintSolver\btGeneric6DofSpring2Constraint.h" />
    <ClInclude Include="include\BulletPhysics\Physics\bullet\BulletDynamics\ConstraintSolver\btGeneric6DofSpringConstraint.h" />
    <ClInclude Include="include\BulletPhysics\Physics\bullet\BulletDynamics\ConstraintSolver\btHinge2Constraint.h" />
    <ClInclude Include="include\BulletPhysics\Physics\bullet\BulletDynamics\ConstraintSolver\btHingeConstraint.h" />
    <ClInclude Include="include\BulletPhysics\Physics\bullet\BulletDynamics\ConstraintSolver\btJacobianEntry.h" />
    <ClInclude Include="include\BulletPhysics\Physics\bullet\BulletDynamics\ConstraintSolver\btNNCGConstraintSolver.h" />
    <ClInclude Include="include\BulletPhysics\Physics\bullet\BulletDynamics\ConstraintSolver\btPoint2PointConstraint.h" />
    <ClInclude Include="include\BulletPhysics\Physics\bullet\BulletDynamics\ConstraintSolver\btSequentialImpulseConstraintSolver.h" />
    <ClInclude Include="include\BulletPhysics\Physics\bullet\BulletDynamics\ConstraintSolver\btSequentialImpulseConstraintSolverMt.h" />
    <ClInclude Include="include\BulletPhysics\Physics\bullet\BulletDynamics\ConstraintSolver\btSliderConstraint.h" />
    <ClInclude Include="include\BulletPhysics\Physics\bullet\BulletDynamics\ConstraintSolver\btSolve2LinearConstraint.h" />
    <ClInclude Include="include\BulletPhysics\Physics\bullet\BulletDynamics\ConstraintSolver\btSolverBody.h" />
    <ClInclude Include="include\BulletPhysics\Physics\bullet\BulletDynamics\ConstraintSolver\btSolverConstraint.h" />
    <ClInclude Include="include\BulletPhysics\Physics\bullet\BulletDynamics\ConstraintSolver\btTypedConstraint.h" />
    <ClInclude Include="include\BulletPhysics\Physics\bullet\BulletDynamics\ConstraintSolver\btUniversalConstraint.h" />
    <ClInclude Include="include\BulletPhysics\Physics\bullet\BulletDynamics\Dynamics\btActionInterface.h" />
    <ClInclude Include="include\BulletPhysics\Physics\bullet\BulletDynamics\Dynamics\btDiscreteDynamicsWorld.h" />
    <ClInclude Include="include\BulletPhysics\Physics\bullet\BulletDynamics\Dynamics\btDiscreteDynamicsWorldMt.h" />
    <ClInclude Include="include\BulletPhysics\Physics\bullet\BulletDynamics\Dynamics\btDynamicsWorld.h" />
    <ClInclude Include="include\BulletPhysics\Physics\bullet\BulletDynamics\Dynamics\btRigidBody.h" />
    <ClInclude Include="include\BulletPhysics\Physics\bullet\BulletDynamics\Dynamics\btSimpleDynamicsWorld.h" />
    <ClInclude Include="include\BulletPhysics\Physics\bullet\BulletDynamics\Dynamics\btSimulationIslandManagerMt.h" />
    <ClInclude Include="include\BulletPhysics\Physics\bullet\BulletDynamics\Featherstone\btMultiBody.h" />
    <ClInclude Include="include\BulletPhysics\Physics\bullet\BulletDynamics\Featherstone\btMultiBodyConstraint.h" />
    <ClInclude Include="include\BulletPhysics\Physics\bullet\BulletDynamics\Featherstone\btMultiBodyConstraintSolver.h" />
    <ClInclude Include="include\BulletPhysics\Physics\bullet\BulletDynamics\Featherstone\btMultiBodyDynamicsWorld.h" />
    <ClInclude Include="include\BulletPhysics\Physics\bullet\BulletDynamics\Featherstone\btMultiBodyFixedConstraint.h" />
    <ClInclude Include="include\BulletPhysics\Physics\bullet\BulletDynamics\Featherstone\btMultiBodyGearConstraint.h" />
    <ClInclude Include="include\BulletPhysics\Physics\bullet\BulletDynamics\Featherstone\btMultiBodyJointFeedback.h" />
    <ClInclude Include="include\BulletPhysics\Physics\bullet\BulletDynamics\Featherstone\btMultiBodyJointLimitConstraint.h" />
    <ClInclude Include="include\BulletPhysics\Physics\bullet\BulletDynamics\Featherstone\btMultiBodyJointMotor.h" />
    <ClInclude Include="include\BulletPhysics\Physics\bullet\BulletDynamics\Featherstone\btMultiBodyLink.h" />
    <ClInclude Include="include\BulletPhysics\Physics\bullet\BulletDynamics\Featherstone\btMultiBodyLinkCollider.h" />
    <ClInclude Include="include\BulletPhysics\Physics\bullet\BulletDynamics\Featherstone\btMultiBodyMLCPConstraintSolver.h" />
    <ClInclude Include="include\BulletPhysics\Physics\bullet\BulletDynamics\Featherstone\btMultiBodyPoint2Point.h" />
    <ClInclude Include="include\BulletPhysics\Physics\bullet\BulletDynamics\Featherstone\btMultiBodySliderConstraint.h" />
    <ClInclude Include="include\BulletPhysics\Physics\bullet\BulletDynamics\Featherstone\btMultiBodySolverConstraint.h" />
    <ClInclude Include="include\BulletPhysics\Physics\bullet\BulletDynamics\Featherstone\btMultiBodySphericalJointMotor.h" />
    <ClInclude Include="include\BulletPhysics\Physics\bullet\BulletDynamics\MLCPSolvers\btDantzigLCP.h" />
    <ClInclude Include="include\BulletPhysics\Physics\bullet\BulletDynamics\MLCPSolvers\btDantzigSolver.h" />
    <ClInclude Include="include\BulletPhysics\Physics\bullet\BulletDynamics\MLCPSolvers\btLemkeAlgorithm.h" />
    <ClInclude Include="include\BulletPhysics\Physics\bullet\BulletDynamics\MLCPSolvers\btLemkeSolver.h" />
    <ClInclude Include="include\BulletPhysics\Physics\bullet\BulletDynamics\MLCPSolvers\btMLCPSolver.h" />
    <ClInclude Include="include\BulletPhysics\Physics\bullet\BulletDynamics\MLCPSolvers\btMLCPSolverInterface.h" />
    <ClInclude Include="include\BulletPhysics\Physics\bullet\BulletDynamics\MLCPSolvers\btPATHSolver.h" />
    <ClInclude Include="include\BulletPhysics\Physics\bullet\BulletDynamics\MLCPSolvers\btSolveProjectedGaussSeidel.h" />
    <ClInclude Include="include\BulletPhysics\Physics\bullet\BulletDynamics\Vehicle\btRaycastVehicle.h" />
    <ClInclude Include="include\BulletPhysics\Physics\bullet\BulletDynamics\Vehicle\btVehicleRaycaster.h" />
    <ClInclude Include="include\BulletPhysics\Physics\bullet\BulletDynamics\Vehicle\btWheelInfo.h" />
    <ClInclude Include="include\BulletPhysics\Physics\bullet\BulletInverseDynamics\details\IDEigenInterface.hpp" />
    <ClInclude Include="include\BulletPhysics\Physics\bullet\BulletInverseDynamics\details\IDLinearMathInterface.hpp" />
    <ClInclude Include="include\BulletPhysics\Physics\bullet\BulletInverseDynamics\details\IDMatVec.hpp" />
    <ClInclude Include="include\BulletPhysics\Physics\bullet\BulletInverseDynamics\details\MultiBodyTreeImpl.hpp" />
    <ClInclude Include="include\BulletPhysics\Physics\bullet\BulletInverseDynamics\details\MultiBodyTreeInitCache.hpp" />
    <ClInclude Include="include\BulletPhysics\Physics\bullet\BulletInverseDynamics\IDConfig.hpp" />
    <ClInclude Include="include\BulletPhysics\Physics\bullet\BulletInverseDynamics\IDConfigBuiltin.hpp" />
    <ClInclude Include="include\BulletPhysics\Physics\bullet\BulletInverseDynamics\IDConfigEigen.hpp" />
    <ClInclude Include="include\BulletPhysics\Physics\bullet\BulletInverseDynamics\IDErrorMessages.hpp" />
    <ClInclude Include="include\BulletPhysics\Physics\bullet\BulletInverseDynamics\IDMath.hpp" />
    <ClInclude Include="include\BulletPhysics\Physics\bullet\BulletInverseDynamics\MultiBodyTree.hpp" />
    <ClInclude Include="include\BulletPhysics\Physics\bullet\BulletSoftBody\btDefaultSoftBodySolver.h" />
    <ClInclude Include="include\BulletPhysics\Physics\bullet\BulletSoftBody\btSoftBody.h" />
    <ClInclude Include="include\BulletPhysics\Physics\bullet\BulletSoftBody\btSoftBodyConcaveCollisionAlgorithm.h" />
    <ClInclude Include="include\BulletPhysics\Physics\bullet\BulletSoftBody\btSoftBodyData.h" />
    <ClInclude Include="include\BulletPhysics\Physics\bullet\BulletSoftBody\btSoftBodyHelpers.h" />
    <ClInclude Include="include\BulletPhysics\Physics\bullet\BulletSoftBody\btSoftBodyInternals.h" />
    <ClInclude Include="include\BulletPhysics\Physics\bullet\BulletSoftBody\btSoftBodyRigidBodyCollisionConfiguration.h" />
    <ClInclude Include="include\BulletPhysics\Physics\bullet\BulletSoftBody\btSoftBodySolvers.h" />
    <ClInclude Include="include\BulletPhysics\Physics\bullet\BulletSoftBody\btSoftBodySolverVertexBuffer.h" />
    <ClInclude Include="include\BulletPhysics\Physics\bullet\BulletSoftBody\btSoftMultiBodyDynamicsWorld.h" />
    <ClInclude Include="include\BulletPhysics\Physics\bullet\BulletSoftBody\btSoftRigidCollisionAlgorithm.h" />
    <ClInclude Include="include\BulletPhysics\Physics\bullet\BulletSoftBody\btSoftRigidDynamicsWorld.h" />
    <ClInclude Include="include\BulletPhysics\Physics\bullet\BulletSoftBody\btSoftSoftCollisionAlgorithm.h" />
    <ClInclude Include="include\BulletPhysics\Physics\bullet\BulletSoftBody\btSparseSDF.h" />
    <ClInclude Include="include\BulletPhysics\Physics\bullet\LinearMath\TaskScheduler\btThreadSupportInterface.h" />
    <ClInclude Include="include\BulletPhysics\Physics\bullet\LinearMath\btAabbUtil2.h" />
    <ClInclude Include="include\BulletPhysics\Physics\bullet\LinearMath\btAlignedAllocator.h" />
    <ClInclude Include="include\BulletPhysics\Physics\bullet\LinearMath\btAlignedObjectArray.h" />
    <ClInclude Include="include\BulletPhysics\Physics\bullet\LinearMath\btConvexHull.h" />
    <ClInclude Include="include\BulletPhysics\Physics\bullet\LinearMath\btConvexHullComputer.h" />
    <ClInclude Include="include\BulletPhysics\Physics\bullet\LinearMath\btCpuFeatureUtility.h" />
    <ClInclude Include="include\BulletPhysics\Physics\bullet\LinearMath\btDefaultMotionState.h" />
    <ClInclude Include="include\BulletPhysics\Physics\bullet\LinearMath\btGeometryUtil.h" />
    <ClInclude Include="include\BulletPhysics\Physics\bullet\LinearMath\btGrahamScan2dConvexHull.h" />
    <ClInclude Include="include\BulletPhysics\Physics\bullet\LinearMath\btHashMap.h" />
    <ClInclude Include="include\BulletPhysics\Physics\bullet\LinearMath\btIDebugDraw.h" />
    <ClInclude Include="include\BulletPhysics\Physics\bullet\LinearMath\btList.h" />
    <ClInclude Include="include\BulletPhysics\Physics\bullet\LinearMath\btMatrix3x3.h" />
    <ClInclude Include="include\BulletPhysics\Physics\bullet\LinearMath\btMatrixX.h" />
    <ClInclude Include="include\BulletPhysics\Physics\bullet\LinearMath\btMinMax.h" />
    <ClInclude Include="include\BulletPhysics\Physics\bullet\LinearMath\btMotionState.h" />
    <ClInclude Include="include\BulletPhysics\Physics\bullet\LinearMath\btPolarDecomposition.h" />
    <ClInclude Include="include\BulletPhysics\Physics\bullet\LinearMath\btPoolAllocator.h" />
    <ClInclude Include="include\BulletPhysics\Physics\bullet\LinearMath\btQuadWord.h" />
    <ClInclude Include="include\BulletPhysics\Physics\bullet\LinearMath\btQuaternion.h" />
    <ClInclude Include="include\BulletPhysics\Physics\bullet\LinearMath\btQuickprof.h" />
    <ClInclude Include="include\BulletPhysics\Physics\bullet\LinearMath\btRandom.h" />
    <ClInclude Include="include\BulletPhysics\Physics\bullet\LinearMath\btScalar.h" />
    <ClInclude Include="include\BulletPhysics\Physics\bullet\LinearMath\btSerializer.h" />
    <ClInclude Include="include\BulletPhysics\Physics\bullet\LinearMath\btSpatialAlgebra.h" />
    <ClInclude Include="include\BulletPhysics\Physics\bullet\LinearMath\btStackAlloc.h" />
    <ClInclude Include="include\BulletPhysics\Physics\bullet\LinearMath\btThreads.h" />
    <ClInclude Include="include\BulletPhysics\Physics\bullet\LinearMath\btTransform.h" />
    <ClInclude Include="include\BulletPhysics\Physics\bullet\LinearMath\btTransformUtil.h" />
    <ClInclude Include="include\BulletPhysics\Physics\bullet\LinearMath\btVector3.h" />
    <ClInclude Include="include\BulletPhysics\Physics\bullet\iBulletShapes.h" />
    <ClInclude Include="include\BulletPhysics\Physics\bullet\BulletConstraints\cBtBallAndSocketConstraint.h" />
    <ClInclude Include="include\BulletPhysics\Physics\bullet\BulletConstraints\iBulletConstraint.h" />
    <ClInclude Include="include\BulletPhysics\Physics\bullet\iBulletCompoundBody.h" />
    <ClInclude Include="include\BulletPhysics\Physics\bullet\BulletConstraints\cBtHingeConstraint.h" />
    <ClInclude Include="include\BulletPhysics\Physics\bullet\BulletConstraints\cBtSliderConstraint.h" />
    <ClInclude Include="include\BulletPhysics\Physics\bullet\BulletConstraints\cBtFixedConstraint.h" />
    <ClInclude Include="include\BulletPhysics\Physics\bullet\cBtDebugRenderer.h" />
    <ClInclude Include="include\BulletPhysics\Physics\bullet\Controllers\bt3DPersonControllerComponent.h" />
    <ClInclude Include="include\BulletPhysics\Physics\bullet\sBtRaycastHitInfo.h" />
    <ClInclude Include="include\BulletPhysics\Physics\bullet\sBtSoftbodyComponent.h" />
    <ClInclude Include="include\BulletPhysics\Physics\bullet\sBtCompoundBodyComponent.h" />
    <ClInclude Include="include\BulletPhysics\Physics\bullet\sBtRigidbodyComponent.h" />
  </ItemGroup>
  <ItemGroup>
    <ClCompile Include="include\BulletPhysics\Physics\bullet\cBulletPhysicsFactory.cpp" />
    <ClCompile Include="include\BulletPhysics\Physics\bullet\cBulletPhysicsWorld.cpp" />
    <ClCompile Include="include\BulletPhysics\Physics\bullet\cBulletShapes.cpp" />
    <ClCompile Include="include\BulletPhysics\Physics\bullet\nCreateBulletFactory.cpp" />
    <ClCompile Include="include\BulletPhysics\Physics\bullet\Bullet3Common\b3AlignedAllocator.cpp" />
    <ClCompile Include="include\BulletPhysics\Physics\bullet\Bullet3Common\b3Logging.cpp" />
    <ClCompile Include="include\BulletPhysics\Physics\bullet\Bullet3Common\b3Vector3.cpp" />
    <ClCompile Include="include\BulletPhysics\Physics\bullet\BulletCollision\BroadphaseCollision\btAxisSweep3.cpp" />
    <ClCompile Include="include\BulletPhysics\Physics\bullet\BulletCollision\BroadphaseCollision\btBroadphaseProxy.cpp" />
    <ClCompile Include="include\BulletPhysics\Physics\bullet\BulletCollision\BroadphaseCollision\btCollisionAlgorithm.cpp" />
    <ClCompile Include="include\BulletPhysics\Physics\bullet\BulletCollision\BroadphaseCollision\btDbvt.cpp" />
    <ClCompile Include="include\BulletPhysics\Physics\bullet\BulletCollision\BroadphaseCollision\btDbvtBroadphase.cpp" />
    <ClCompile Include="include\BulletPhysics\Physics\bullet\BulletCollision\BroadphaseCollision\btDispatcher.cpp" />
    <ClCompile Include="include\BulletPhysics\Physics\bullet\BulletCollision\BroadphaseCollision\btOverlappingPairCache.cpp" />
    <ClCompile Include="include\BulletPhysics\Physics\bullet\BulletCollision\BroadphaseCollision\btQuantizedBvh.cpp" />
    <ClCompile Include="include\BulletPhysics\Physics\bullet\BulletCollision\BroadphaseCollision\btSimpleBroadphase.cpp" />
    <ClCompile Include="include\BulletPhysics\Physics\bullet\BulletCollision\CollisionDispatch\btActivatingCollisionAlgorithm.cpp" />
    <ClCompile Include="include\BulletPhysics\Physics\bullet\BulletCollision\CollisionDispatch\btBox2dBox2dCollisionAlgorithm.cpp" />
    <ClCompile Include="include\BulletPhysics\Physics\bullet\BulletCollision\CollisionDispatch\btBoxBoxCollisionAlgorithm.cpp" />
    <ClCompile Include="include\BulletPhysics\Physics\bullet\BulletCollision\CollisionDispatch\btBoxBoxDetector.cpp" />
    <ClCompile Include="include\BulletPhysics\Physics\bullet\BulletCollision\CollisionDispatch\btCollisionDispatcher.cpp" />
    <ClCompile Include="include\BulletPhysics\Physics\bullet\BulletCollision\CollisionDispatch\btCollisionDispatcherMt.cpp" />
    <ClCompile Include="include\BulletPhysics\Physics\bullet\BulletCollision\CollisionDispatch\btCollisionObject.cpp" />
    <ClCompile Include="include\BulletPhysics\Physics\bullet\BulletCollision\CollisionDispatch\btCollisionWorld.cpp" />
    <ClCompile Include="include\BulletPhysics\Physics\bullet\BulletCollision\CollisionDispatch\btCollisionWorldImporter.cpp" />
    <ClCompile Include="include\BulletPhysics\Physics\bullet\BulletCollision\CollisionDispatch\btCompoundCollisionAlgorithm.cpp" />
    <ClCompile Include="include\BulletPhysics\Physics\bullet\BulletCollision\CollisionDispatch\btCompoundCompoundCollisionAlgorithm.cpp" />
    <ClCompile Include="include\BulletPhysics\Physics\bullet\BulletCollision\CollisionDispatch\btConvex2dConvex2dAlgorithm.cpp" />
    <ClCompile Include="include\BulletPhysics\Physics\bullet\BulletCollision\CollisionDispatch\btConvexConcaveCollisionAlgorithm.cpp" />
    <ClCompile Include="include\BulletPhysics\Physics\bullet\BulletCollision\CollisionDispatch\btConvexConvexAlgorithm.cpp" />
    <ClCompile Include="include\BulletPhysics\Physics\bullet\BulletCollision\CollisionDispatch\btConvexPlaneCollisionAlgorithm.cpp" />
    <ClCompile Include="include\BulletPhysics\Physics\bullet\BulletCollision\CollisionDispatch\btDefaultCollisionConfiguration.cpp" />
    <ClCompile Include="include\BulletPhysics\Physics\bullet\BulletCollision\CollisionDispatch\btEmptyCollisionAlgorithm.cpp" />
    <ClCompile Include="include\BulletPhysics\Physics\bullet\BulletCollision\CollisionDispatch\btGhostObject.cpp" />
    <ClCompile Include="include\BulletPhysics\Physics\bullet\BulletCollision\CollisionDispatch\btHashedSimplePairCache.cpp" />
    <ClCompile Include="include\BulletPhysics\Physics\bullet\BulletCollision\CollisionDispatch\btInternalEdgeUtility.cpp" />
    <ClCompile Include="include\BulletPhysics\Physics\bullet\BulletCollision\CollisionDispatch\btManifoldResult.cpp" />
    <ClCompile Include="include\BulletPhysics\Physics\bullet\BulletCollision\CollisionDispatch\btSimulationIslandManager.cpp" />
    <ClCompile Include="include\BulletPhysics\Physics\bullet\BulletCollision\CollisionDispatch\btSphereBoxCollisionAlgorithm.cpp" />
    <ClCompile Include="include\BulletPhysics\Physics\bullet\BulletCollision\CollisionDispatch\btSphereSphereCollisionAlgorithm.cpp" />
    <ClCompile Include="include\BulletPhysics\Physics\bullet\BulletCollision\CollisionDispatch\btSphereTriangleCollisionAlgorithm.cpp" />
    <ClCompile Include="include\BulletPhysics\Physics\bullet\BulletCollision\CollisionDispatch\btUnionFind.cpp" />
    <ClCompile Include="include\BulletPhysics\Physics\bullet\BulletCollision\CollisionDispatch\SphereTriangleDetector.cpp" />
    <ClCompile Include="include\BulletPhysics\Physics\bullet\BulletCollision\CollisionShapes\btBox2dShape.cpp" />
    <ClCompile Include="include\BulletPhysics\Physics\bullet\BulletCollision\CollisionShapes\btBoxShape.cpp" />
    <ClCompile Include="include\BulletPhysics\Physics\bullet\BulletCollision\CollisionShapes\btBvhTriangleMeshShape.cpp" />
    <ClCompile Include="include\BulletPhysics\Physics\bullet\BulletCollision\CollisionShapes\btCapsuleShape.cpp" />
    <ClCompile Include="include\BulletPhysics\Physics\bullet\BulletCollision\CollisionShapes\btCollisionShape.cpp" />
    <ClCompile Include="include\BulletPhysics\Physics\bullet\BulletCollision\CollisionShapes\btCompoundShape.cpp" />
    <ClCompile Include="include\BulletPhysics\Physics\bullet\BulletCollision\CollisionShapes\btConcaveShape.cpp" />
    <ClCompile Include="include\BulletPhysics\Physics\bullet\BulletCollision\CollisionShapes\btConeShape.cpp" />
    <ClCompile Include="include\BulletPhysics\Physics\bullet\BulletCollision\CollisionShapes\btConvex2dShape.cpp" />
    <ClCompile Include="include\BulletPhysics\Physics\bullet\BulletCollision\CollisionShapes\btConvexHullShape.cpp" />
    <ClCompile Include="include\BulletPhysics\Physics\bullet\BulletCollision\CollisionShapes\btConvexInternalShape.cpp" />
    <ClCompile Include="include\BulletPhysics\Physics\bullet\BulletCollision\CollisionShapes\btConvexPointCloudShape.cpp" />
    <ClCompile Include="include\BulletPhysics\Physics\bullet\BulletCollision\CollisionShapes\btConvexPolyhedron.cpp" />
    <ClCompile Include="include\BulletPhysics\Physics\bullet\BulletCollision\CollisionShapes\btConvexShape.cpp" />
    <ClCompile Include="include\BulletPhysics\Physics\bullet\BulletCollision\CollisionShapes\btConvexTriangleMeshShape.cpp" />
    <ClCompile Include="include\BulletPhysics\Physics\bullet\BulletCollision\CollisionShapes\btCylinderShape.cpp" />
    <ClCompile Include="include\BulletPhysics\Physics\bullet\BulletCollision\CollisionShapes\btEmptyShape.cpp" />
    <ClCompile Include="include\BulletPhysics\Physics\bullet\BulletCollision\CollisionShapes\btHeightfieldTerrainShape.cpp" />
    <ClCompile Include="include\BulletPhysics\Physics\bullet\BulletCollision\CollisionShapes\btMiniSDF.cpp" />
    <ClCompile Include="include\BulletPhysics\Physics\bullet\BulletCollision\CollisionShapes\btMinkowskiSumShape.cpp" />
    <ClCompile Include="include\BulletPhysics\Physics\bullet\BulletCollision\CollisionShapes\btMultimaterialTriangleMeshShape.cpp" />
    <ClCompile Include="include\BulletPhysics\Physics\bullet\BulletCollision\CollisionShapes\btMultiSphereShape.cpp" />
    <ClCompile Include="include\BulletPhysics\Physics\bullet\BulletCollision\CollisionShapes\btOptimizedBvh.cpp" />
    <ClCompile Include="include\BulletPhysics\Physics\bullet\BulletCollision\CollisionShapes\btPolyhedralConvexShape.cpp" />
    <ClCompile Include="include\BulletPhysics\Physics\bullet\BulletCollision\CollisionShapes\btScaledBvhTriangleMeshShape.cpp" />
    <ClCompile Include="include\BulletPhysics\Physics\bullet\BulletCollision\CollisionShapes\btSdfCollisionShape.cpp" />
    <ClCompile Include="include\BulletPhysics\Physics\bullet\BulletCollision\CollisionShapes\btShapeHull.cpp" />
    <ClCompile Include="include\BulletPhysics\Physics\bullet\BulletCollision\CollisionShapes\btSphereShape.cpp" />
    <ClCompile Include="include\BulletPhysics\Physics\bullet\BulletCollision\CollisionShapes\btStaticPlaneShape.cpp" />
    <ClCompile Include="include\BulletPhysics\Physics\bullet\BulletCollision\CollisionShapes\btStridingMeshInterface.cpp" />
    <ClCompile Include="include\BulletPhysics\Physics\bullet\BulletCollision\CollisionShapes\btTetrahedronShape.cpp" />
    <ClCompile Include="include\BulletPhysics\Physics\bullet\BulletCollision\CollisionShapes\btTriangleBuffer.cpp" />
    <ClCompile Include="include\BulletPhysics\Physics\bullet\BulletCollision\CollisionShapes\btTriangleCallback.cpp" />
    <ClCompile Include="include\BulletPhysics\Physics\bullet\BulletCollision\CollisionShapes\btTriangleIndexVertexArray.cpp" />
    <ClCompile Include="include\BulletPhysics\Physics\bullet\BulletCollision\CollisionShapes\btTriangleIndexVertexMaterialArray.cpp" />
    <ClCompile Include="include\BulletPhysics\Physics\bullet\BulletCollision\CollisionShapes\btTriangleMesh.cpp" />
    <ClCompile Include="include\BulletPhysics\Physics\bullet\BulletCollision\CollisionShapes\btTriangleMeshShape.cpp" />
    <ClCompile Include="include\BulletPhysics\Physics\bullet\BulletCollision\CollisionShapes\btUniformScalingShape.cpp" />
    <ClCompile Include="include\BulletPhysics\Physics\bullet\BulletCollision\Gimpact\btContactProcessing.cpp" />
    <ClCompile Include="include\BulletPhysics\Physics\bullet\BulletCollision\Gimpact\btGenericPoolAllocator.cpp" />
    <ClCompile Include="include\BulletPhysics\Physics\bullet\BulletCollision\Gimpact\btGImpactBvh.cpp" />
    <ClCompile Include="include\BulletPhysics\Physics\bullet\BulletCollision\Gimpact\btGImpactCollisionAlgorithm.cpp" />
    <ClCompile Include="include\BulletPhysics\Physics\bullet\BulletCollision\Gimpact\btGImpactQuantizedBvh.cpp" />
    <ClCompile Include="include\BulletPhysics\Physics\bullet\BulletCollision\Gimpact\btGImpactShape.cpp" />
    <ClCompile Include="include\BulletPhysics\Physics\bullet\BulletCollision\Gimpact\btTriangleShapeEx.cpp" />
    <ClCompile Include="include\BulletPhysics\Physics\bullet\BulletCollision\Gimpact\gim_box_set.cpp" />
    <ClCompile Include="include\BulletPhysics\Physics\bullet\BulletCollision\Gimpact\gim_contact.cpp" />
    <ClCompile Include="include\BulletPhysics\Physics\bullet\BulletCollision\Gimpact\gim_memory.cpp" />
    <ClCompile Include="include\BulletPhysics\Physics\bullet\BulletCollision\Gimpact\gim_tri_collision.cpp" />
    <ClCompile Include="include\BulletPhysics\Physics\bullet\BulletCollision\NarrowPhaseCollision\btContinuousConvexCollision.cpp" />
    <ClCompile Include="include\BulletPhysics\Physics\bullet\BulletCollision\NarrowPhaseCollision\btConvexCast.cpp" />
    <ClCompile Include="include\BulletPhysics\Physics\bullet\BulletCollision\NarrowPhaseCollision\btGjkConvexCast.cpp" />
    <ClCompile Include="include\BulletPhysics\Physics\bullet\BulletCollision\NarrowPhaseCollision\btGjkEpa2.cpp" />
    <ClCompile Include="include\BulletPhysics\Physics\bullet\BulletCollision\NarrowPhaseCollision\btGjkEpaPenetrationDepthSolver.cpp" />
    <ClCompile Include="include\BulletPhysics\Physics\bullet\BulletCollision\NarrowPhaseCollision\btGjkPairDetector.cpp" />
    <ClCompile Include="include\BulletPhysics\Physics\bullet\BulletCollision\NarrowPhaseCollision\btMinkowskiPenetrationDepthSolver.cpp" />
    <ClCompile Include="include\BulletPhysics\Physics\bullet\BulletCollision\NarrowPhaseCollision\btPersistentManifold.cpp" />
    <ClCompile Include="include\BulletPhysics\Physics\bullet\BulletCollision\NarrowPhaseCollision\btPolyhedralContactClipping.cpp" />
    <ClCompile Include="include\BulletPhysics\Physics\bullet\BulletCollision\NarrowPhaseCollision\btRaycastCallback.cpp" />
    <ClCompile Include="include\BulletPhysics\Physics\bullet\BulletCollision\NarrowPhaseCollision\btSubSimplexConvexCast.cpp" />
    <ClCompile Include="include\BulletPhysics\Physics\bullet\BulletCollision\NarrowPhaseCollision\btVoronoiSimplexSolver.cpp" />
    <ClCompile Include="include\BulletPhysics\Physics\bullet\BulletDynamics\Character\btKinematicCharacterController.cpp" />
    <ClCompile Include="include\BulletPhysics\Physics\bullet\BulletDynamics\ConstraintSolver\btBatchedConstraints.cpp" />
    <ClCompile Include="include\BulletPhysics\Physics\bullet\BulletDynamics\ConstraintSolver\btConeTwistConstraint.cpp" />
    <ClCompile Include="include\BulletPhysics\Physics\bullet\BulletDynamics\ConstraintSolver\btContactConstraint.cpp" />
    <ClCompile Include="include\BulletPhysics\Physics\bullet\BulletDynamics\ConstraintSolver\btFixedConstraint.cpp" />
    <ClCompile Include="include\BulletPhysics\Physics\bullet\BulletDynamics\ConstraintSolver\btGearConstraint.cpp" />
    <ClCompile Include="include\BulletPhysics\Physics\bullet\BulletDynamics\ConstraintSolver\btGeneric6DofConstraint.cpp" />
    <ClCompile Include="include\BulletPhysics\Physics\bullet\BulletDynamics\ConstraintSolver\btGeneric6DofSpring2Constraint.cpp" />
    <ClCompile Include="include\BulletPhysics\Physics\bullet\BulletDynamics\ConstraintSolver\btGeneric6DofSpringConstraint.cpp" />
    <ClCompile Include="include\BulletPhysics\Physics\bullet\BulletDynamics\ConstraintSolver\btHinge2Constraint.cpp" />
    <ClCompile Include="include\BulletPhysics\Physics\bullet\BulletDynamics\ConstraintSolver\btHingeConstraint.cpp" />
    <ClCompile Include="include\BulletPhysics\Physics\bullet\BulletDynamics\ConstraintSolver\btNNCGConstraintSolver.cpp" />
    <ClCompile Include="include\BulletPhysics\Physics\bullet\BulletDynamics\ConstraintSolver\btPoint2PointConstraint.cpp" />
    <ClCompile Include="include\BulletPhysics\Physics\bullet\BulletDynamics\ConstraintSolver\btSequentialImpulseConstraintSolver.cpp" />
    <ClCompile Include="include\BulletPhysics\Physics\bullet\BulletDynamics\ConstraintSolver\btSequentialImpulseConstraintSolverMt.cpp" />
    <ClCompile Include="include\BulletPhysics\Physics\bullet\BulletDynamics\ConstraintSolver\btSliderConstraint.cpp" />
    <ClCompile Include="include\BulletPhysics\Physics\bullet\BulletDynamics\ConstraintSolver\btSolve2LinearConstraint.cpp" />
    <ClCompile Include="include\BulletPhysics\Physics\bullet\BulletDynamics\ConstraintSolver\btTypedConstraint.cpp" />
    <ClCompile Include="include\BulletPhysics\Physics\bullet\BulletDynamics\ConstraintSolver\btUniversalConstraint.cpp" />
    <ClCompile Include="include\BulletPhysics\Physics\bullet\BulletDynamics\Dynamics\btDiscreteDynamicsWorld.cpp" />
    <ClCompile Include="include\BulletPhysics\Physics\bullet\BulletDynamics\Dynamics\btDiscreteDynamicsWorldMt.cpp" />
    <ClCompile Include="include\BulletPhysics\Physics\bullet\BulletDynamics\Dynamics\btRigidBody.cpp" />
    <ClCompile Include="include\BulletPhysics\Physics\bullet\BulletDynamics\Dynamics\btSimpleDynamicsWorld.cpp" />
    <ClCompile Include="include\BulletPhysics\Physics\bullet\BulletDynamics\Dynamics\btSimulationIslandManagerMt.cpp" />
    <ClCompile Include="include\BulletPhysics\Physics\bullet\BulletDynamics\Featherstone\btMultiBody.cpp" />
    <ClCompile Include="include\BulletPhysics\Physics\bullet\BulletDynamics\Featherstone\btMultiBodyConstraint.cpp" />
    <ClCompile Include="include\BulletPhysics\Physics\bullet\BulletDynamics\Featherstone\btMultiBodyConstraintSolver.cpp" />
    <ClCompile Include="include\BulletPhysics\Physics\bullet\BulletDynamics\Featherstone\btMultiBodyDynamicsWorld.cpp" />
    <ClCompile Include="include\BulletPhysics\Physics\bullet\BulletDynamics\Featherstone\btMultiBodyFixedConstraint.cpp" />
    <ClCompile Include="include\BulletPhysics\Physics\bullet\BulletDynamics\Featherstone\btMultiBodyGearConstraint.cpp" />
    <ClCompile Include="include\BulletPhysics\Physics\bullet\BulletDynamics\Featherstone\btMultiBodyJointLimitConstraint.cpp" />
    <ClCompile Include="include\BulletPhysics\Physics\bullet\BulletDynamics\Featherstone\btMultiBodyJointMotor.cpp" />
    <ClCompile Include="include\BulletPhysics\Physics\bullet\BulletDynamics\Featherstone\btMultiBodyMLCPConstraintSolver.cpp" />
    <ClCompile Include="include\BulletPhysics\Physics\bullet\BulletDynamics\Featherstone\btMultiBodyPoint2Point.cpp" />
    <ClCompile Include="include\BulletPhysics\Physics\bullet\BulletDynamics\Featherstone\btMultiBodySliderConstraint.cpp" />
    <ClCompile Include="include\BulletPhysics\Physics\bullet\BulletDynamics\Featherstone\btMultiBodySphericalJointMotor.cpp" />
    <ClCompile Include="include\BulletPhysics\Physics\bullet\BulletDynamics\MLCPSolvers\btDantzigLCP.cpp" />
    <ClCompile Include="include\BulletPhysics\Physics\bullet\BulletDynamics\MLCPSolvers\btLemkeAlgorithm.cpp" />
    <ClCompile Include="include\BulletPhysics\Physics\bullet\BulletDynamics\MLCPSolvers\btMLCPSolver.cpp" />
    <ClCompile Include="include\BulletPhysics\Physics\bullet\BulletDynamics\Vehicle\btRaycastVehicle.cpp" />
    <ClCompile Include="include\BulletPhysics\Physics\bullet\BulletDynamics\Vehicle\btWheelInfo.cpp" />
    <ClCompile Include="include\BulletPhysics\Physics\bullet\BulletInverseDynamics\details\MultiBodyTreeImpl.cpp" />
    <ClCompile Include="include\BulletPhysics\Physics\bullet\BulletInverseDynamics\details\MultiBodyTreeInitCache.cpp" />
    <ClCompile Include="include\BulletPhysics\Physics\bullet\BulletInverseDynamics\IDMath.cpp" />
    <ClCompile Include="include\BulletPhysics\Physics\bullet\BulletInverseDynamics\MultiBodyTree.cpp" />
    <ClCompile Include="include\BulletPhysics\Physics\bullet\BulletSoftBody\btDefaultSoftBodySolver.cpp" />
    <ClCompile Include="include\BulletPhysics\Physics\bullet\BulletSoftBody\btSoftBody.cpp" />
    <ClCompile Include="include\BulletPhysics\Physics\bullet\BulletSoftBody\btSoftBodyConcaveCollisionAlgorithm.cpp" />
    <ClCompile Include="include\BulletPhysics\Physics\bullet\BulletSoftBody\btSoftBodyHelpers.cpp" />
    <ClCompile Include="include\BulletPhysics\Physics\bullet\BulletSoftBody\btSoftBodyRigidBodyCollisionConfiguration.cpp" />
    <ClCompile Include="include\BulletPhysics\Physics\bullet\BulletSoftBody\btSoftMultiBodyDynamicsWorld.cpp" />
    <ClCompile Include="include\BulletPhysics\Physics\bullet\BulletSoftBody\btSoftRigidCollisionAlgorithm.cpp" />
    <ClCompile Include="include\BulletPhysics\Physics\bullet\BulletSoftBody\btSoftRigidDynamicsWorld.cpp" />
    <ClCompile Include="include\BulletPhysics\Physics\bullet\BulletSoftBody\btSoftSoftCollisionAlgorithm.cpp" />
    <ClCompile Include="include\BulletPhysics\Physics\bullet\LinearMath\TaskScheduler\btTaskScheduler.cpp" />
    <ClCompile Include="include\BulletPhysics\Physics\bullet\LinearMath\TaskScheduler\btThreadSupportPosix.cpp" />
    <ClCompile Include="include\BulletPhysics\Physics\bullet\LinearMath\TaskScheduler\btThreadSupportWin32.cpp" />
    <ClCompile Include="include\BulletPhysics\Physics\bullet\LinearMath\btAlignedAllocator.cpp" />
    <ClCompile Include="include\BulletPhysics\Physics\bullet\LinearMath\btConvexHull.cpp" />
    <ClCompile Include="include\BulletPhysics\Physics\bullet\LinearMath\btConvexHullComputer.cpp" />
    <ClCompile Include="include\BulletPhysics\Physics\bullet\LinearMath\btGeometryUtil.cpp" />
    <ClCompile Include="include\BulletPhysics\Physics\bullet\LinearMath\btPolarDecomposition.cpp" />
    <ClCompile Include="include\BulletPhysics\Physics\bullet\LinearMath\btQuickprof.cpp" />
    <ClCompile Include="include\BulletPhysics\Physics\bullet\LinearMath\btSerializer.cpp" />
    <ClCompile Include="include\BulletPhysics\Physics\bullet\LinearMath\btSerializer64.cpp" />
    <ClCompile Include="include\BulletPhysics\Physics\bullet\LinearMath\btThreads.cpp" />
    <ClCompile Include="include\BulletPhysics\Physics\bullet\LinearMath\btVector3.cpp" />
    <ClCompile Include="include\BulletPhysics\Physics\bullet\BulletConstraints\cBtBallAndSocketConstraint.cpp" />
    <ClCompile Include="include\BulletPhysics\Physics\bullet\BulletConstraints\cBtHingeConstraint.cpp" />
    <ClCompile Include="include\BulletPhysics\Physics\bullet\BulletConstraints\cBtSliderConstraint.cpp" />
    <ClCompile Include="include\BulletPhysics\Physics\bullet\BulletConstraints\cBtFixedConstraint.cpp" />
    <ClCompile Include="include\BulletPhysics\Physics\bullet\cBtDebugRenderer.cpp" />
    <ClCompile Include="include\BulletPhysics\Physics\bullet\Controllers\bt3DPersonControllerComponent.cpp" />
    <ClCompile Include="include\BulletPhysics\Physics\bullet\sBtSoftbodyComponent.cpp" />
    <ClCompile Include="include\BulletPhysics\Physics\bullet\sBtCompoundBodyComponent.cpp" />
    <ClCompile Include="include\BulletPhysics\Physics\bullet\sBtRigidbodyComponent.cpp" />
  </ItemGroup>
</Project>