
Microsoft Visual Studio Solution File, Format Version 12.00
# Visual Studio 15
VisualStudioVersion = 15.0.28307.168
MinimumVisualStudioVersion = 10.0.40219.1
Project("{8BC9CEB8-8B4A-11D0-8D11-00A0C91BC942}") = "Interfaces", "Interfaces\Interfaces.vcxproj", "{9E69F364-6E95-4707-94F0-0AFAC9A3B181}"
EndProject
Project("{8BC9CEB8-8B4A-11D0-8D11-00A0C91BC942}") = "SimplePhysics", "SimplePhysics\SimplePhysics.vcxproj", "{FB4B41D3-FE98-441E-90EF-36AEBC407F8B}"
	ProjectSection(ProjectDependencies) = postProject
		{9E69F364-6E95-4707-94F0-0AFAC9A3B181} = {9E69F364-6E95-4707-94F0-0AFAC9A3B181}
		{5D0EAD92-DE98-4579-96AD-1B36A2A96858} = {5D0EAD92-DE98-4579-96AD-1B36A2A96858}
	EndProjectSection
EndProject
Project("{8BC9CEB8-8B4A-11D0-8D11-00A0C91BC942}") = "phymath", "phymath\phymath.vcxproj", "{5D0EAD92-DE98-4579-96AD-1B36A2A96858}"
EndProject
Project("{8BC9CEB8-8B4A-11D0-8D11-00A0C91BC942}") = "BulletPhysics", "BulletPhysics\BulletPhysics.vcxproj", "{FD50BB56-2C7E-4003-80AC-A892900F10CD}"
	ProjectSection(ProjectDependencies) = postProject
		{9E69F364-6E95-4707-94F0-0AFAC9A3B181} = {9E69F364-6E95-4707-94F0-0AFAC9A3B181}
		{5D0EAD92-DE98-4579-96AD-1B36A2A96858} = {5D0EAD92-DE98-4579-96AD-1B36A2A96858}
	EndProjectSection
EndProject
Project("{8BC9CEB8-8B4A-11D0-8D11-00A0C91BC942}") = "DarkLightEngine3", "DarkLightEngine3\DarkLightEngine3.vcxproj", "{A265FC01-5187-465B-A8AC-40B18A85D30E}"
	ProjectSection(ProjectDependencies) = postProject
		{FD50BB56-2C7E-4003-80AC-A892900F10CD} = {FD50BB56-2C7E-4003-80AC-A892900F10CD}
		{9E69F364-6E95-4707-94F0-0AFAC9A3B181} = {9E69F364-6E95-4707-94F0-0AFAC9A3B181}
		{5D0EAD92-DE98-4579-96AD-1B36A2A96858} = {5D0EAD92-DE98-4579-96AD-1B36A2A96858}
	EndProjectSection
EndProject
Global
	GlobalSection(SolutionConfigurationPlatforms) = preSolution
		Debug|x64 = Debug|x64
		Debug|x86 = Debug|x86
		Release|x64 = Release|x64
		Release|x86 = Release|x86
	EndGlobalSection
	GlobalSection(ProjectConfigurationPlatforms) = postSolution
		{9E69F364-6E95-4707-94F0-0AFAC9A3B181}.Debug|x64.ActiveCfg = Debug|x64
		{9E69F364-6E95-4707-94F0-0AFAC9A3B181}.Debug|x64.Build.0 = Debug|x64
		{9E69F364-6E95-4707-94F0-0AFAC9A3B181}.Debug|x86.ActiveCfg = Debug|Win32
		{9E69F364-6E95-4707-94F0-0AFAC9A3B181}.Debug|x86.Build.0 = Debug|Win32
		{9E69F364-6E95-4707-94F0-0AFAC9A3B181}.Release|x64.ActiveCfg = Release|x64
		{9E69F364-6E95-4707-94F0-0AFAC9A3B181}.Release|x64.Build.0 = Release|x64
		{9E69F364-6E95-4707-94F0-0AFAC9A3B181}.Release|x86.ActiveCfg = Release|Win32
		{9E69F364-6E95-4707-94F0-0AFAC9A3B181}.Release|x86.Build.0 = Release|Win32
		{FB4B41D3-FE98-441E-90EF-36AEBC407F8B}.Debug|x64.ActiveCfg = Debug|x64
		{FB4B41D3-FE98-441E-90EF-36AEBC407F8B}.Debug|x64.Build.0 = Debug|x64
		{FB4B41D3-FE98-441E-90EF-36AEBC407F8B}.Debug|x86.ActiveCfg = Debug|Win32
		{FB4B41D3-FE98-441E-90EF-36AEBC407F8B}.Debug|x86.Build.0 = Debug|Win32
		{FB4B41D3-FE98-441E-90EF-36AEBC407F8B}.Release|x64.ActiveCfg = Release|x64
		{FB4B41D3-FE98-441E-90EF-36AEBC407F8B}.Release|x64.Build.0 = Release|x64
		{FB4B41D3-FE98-441E-90EF-36AEBC407F8B}.Release|x86.ActiveCfg = Release|Win32
		{FB4B41D3-FE98-441E-90EF-36AEBC407F8B}.Release|x86.Build.0 = Release|Win32
		{5D0EAD92-DE98-4579-96AD-1B36A2A96858}.Debug|x64.ActiveCfg = Debug|x64
		{5D0EAD92-DE98-4579-96AD-1B36A2A96858}.Debug|x64.Build.0 = Debug|x64
		{5D0EAD92-DE98-4579-96AD-1B36A2A96858}.Debug|x86.ActiveCfg = Debug|Win32
		{5D0EAD92-DE98-4579-96AD-1B36A2A96858}.Debug|x86.Build.0 = Debug|Win32
		{5D0EAD92-DE98-4579-96AD-1B36A2A96858}.Release|x64.ActiveCfg = Release|x64
		{5D0EAD92-DE98-4579-96AD-1B36A2A96858}.Release|x64.Build.0 = Release|x64
		{5D0EAD92-DE98-4579-96AD-1B36A2A96858}.Release|x86.ActiveCfg = Release|Win32
		{5D0EAD92-DE98-4579-96AD-1B36A2A96858}.Release|x86.Build.0 = Release|Win32
		{FD50BB56-2C7E-4003-80AC-A892900F10CD}.Debug|x64.ActiveCfg = Debug|x64
		{FD50BB56-2C7E-4003-80AC-A892900F10CD}.Debug|x64.Build.0 = Debug|x64
		{FD50BB56-2C7E-4003-80AC-A892900F10CD}.Debug|x86.ActiveCfg = Debug|Win32
		{FD50BB56-2C7E-4003-80AC-A892900F10CD}.Debug|x86.Build.0 = Debug|Win32
		{FD50BB56-2C7E-4003-80AC-A892900F10CD}.Release|x64.ActiveCfg = Release|x64
		{FD50BB56-2C7E-4003-80AC-A892900F10CD}.Release|x64.Build.0 = Release|x64
		{FD50BB56-2C7E-4003-80AC-A892900F10CD}.Release|x86.ActiveCfg = Release|Win32
		{FD50BB56-2C7E-4003-80AC-A892900F10CD}.Release|x86.Build.0 = Release|Win32
		{A265FC01-5187-465B-A8AC-40B18A85D30E}.Debug|x64.ActiveCfg = Debug|x64
		{A265FC01-5187-465B-A8AC-40B18A85D30E}.Debug|x64.Build.0 = Debug|x64
		{A265FC01-5187-465B-A8AC-40B18A85D30E}.Debug|x86.ActiveCfg = Debug|Win32
		{A265FC01-5187-465B-A8AC-40B18A85D30E}.Debug|x86.Build.0 = Debug|Win32
		{A265FC01-5187-465B-A8AC-40B18A85D30E}.Release|x64.ActiveCfg = Release|x64
		{A265FC01-5187-465B-A8AC-40B18A85D30E}.Release|x64.Build.0 = Release|x64
		{A265FC01-5187-465B-A8AC-40B18A85D30E}.Release|x86.ActiveCfg = Release|Win32
		{A265FC01-5187-465B-A8AC-40B18A85D30E}.Release|x86.Build.0 = Release|Win32
	EndGlobalSection
	GlobalSection(SolutionProperties) = preSolution
		HideSolutionNode = FALSE
	EndGlobalSection
	GlobalSection(ExtensibilityGlobals) = postSolution
		SolutionGuid = {6B944468-590B-4B1E-AA94-CF65FFA133B5}
	EndGlobalSection
EndGlobal
